
Microsoft Visual Studio Solution File, Format Version 12.00
# Visual Studio Version 17
VisualStudioVersion = 17.0.31903.59
MinimumVisualStudioVersion = 10.0.40219.1
Project("{2150E333-8FDC-42A3-9474-1A3956D46DE8}") = "src", "src", "{827E0CD3-B72D-47B6-A68D-7590B98EB39B}"
EndProject
Project("{FAE04EC0-301F-11D3-BF4B-00C04F79EFBC}") = "SafeSweep.Core", "src\SafeSweep.Core\SafeSweep.Core.csproj", "{E7B78589-3C38-43FC-8427-EC4F54F1EE97}"
EndProject
Project("{FAE04EC0-301F-11D3-BF4B-00C04F79EFBC}") = "SafeSweep.App", "src\SafeSweep.App\SafeSweep.App.csproj", "{05A1BB8D-64D4-4718-88BD-11E591BBD71B}"
EndProject
Project("{FAE04EC0-301F-11D3-BF4B-00C04F79EFBC}") = "SafeSweep.Tests", "tests\SafeSweep.Tests\SafeSweep.Tests.csproj", "{477EF92C-1340-4AFC-A19F-FD05E4186AC2}"
EndProject
Global
	GlobalSection(SolutionConfigurationPlatforms) = preSolution
		Debug|Any CPU = Debug|Any CPU
		Debug|x64 = Debug|x64
		Debug|x86 = Debug|x86
		Release|Any CPU = Release|Any CPU
		Release|x64 = Release|x64
		Release|x86 = Release|x86
	EndGlobalSection
	GlobalSection(ProjectConfigurationPlatforms) = postSolution
		{E7B78589-3C38-43FC-8427-EC4F54F1EE97}.Debug|Any CPU.ActiveCfg = Debug|Any CPU
		{E7B78589-3C38-43FC-8427-EC4F54F1EE97}.Debug|Any CPU.Build.0 = Debug|Any CPU
		{E7B78589-3C38-43FC-8427-EC4F54F1EE97}.Debug|x64.ActiveCfg = Debug|Any CPU
		{E7B78589-3C38-43FC-8427-EC4F54F1EE97}.Debug|x64.Build.0 = Debug|Any CPU
		{E7B78589-3C38-43FC-8427-EC4F54F1EE97}.Debug|x86.ActiveCfg = Debug|Any CPU
		{E7B78589-3C38-43FC-8427-EC4F54F1EE97}.Debug|x86.Build.0 = Debug|Any CPU
		{E7B78589-3C38-43FC-8427-EC4F54F1EE97}.Release|Any CPU.ActiveCfg = Release|Any CPU
		{E7B78589-3C38-43FC-8427-EC4F54F1EE97}.Release|Any CPU.Build.0 = Release|Any CPU
		{E7B78589-3C38-43FC-8427-EC4F54F1EE97}.Release|x64.ActiveCfg = Release|Any CPU
		{E7B78589-3C38-43FC-8427-EC4F54F1EE97}.Release|x64.Build.0 = Release|Any CPU
		{E7B78589-3C38-43FC-8427-EC4F54F1EE97}.Release|x86.ActiveCfg = Release|Any CPU
		{E7B78589-3C38-43FC-8427-EC4F54F1EE97}.Release|x86.Build.0 = Release|Any CPU
		{05A1BB8D-64D4-4718-88BD-11E591BBD71B}.Debug|Any CPU.ActiveCfg = Debug|Any CPU
		{05A1BB8D-64D4-4718-88BD-11E591BBD71B}.Debug|Any CPU.Build.0 = Debug|Any CPU
		{05A1BB8D-64D4-4718-88BD-11E591BBD71B}.Debug|x64.ActiveCfg = Debug|Any CPU
		{05A1BB8D-64D4-4718-88BD-11E591BBD71B}.Debug|x64.Build.0 = Debug|Any CPU
		{05A1BB8D-64D4-4718-88BD-11E591BBD71B}.Debug|x86.ActiveCfg = Debug|Any CPU
		{05A1BB8D-64D4-4718-88BD-11E591BBD71B}.Debug|x86.Build.0 = Debug|Any CPU
		{05A1BB8D-64D4-4718-88BD-11E591BBD71B}.Release|Any CPU.ActiveCfg = Release|Any CPU
		{05A1BB8D-64D4-4718-88BD-11E591BBD71B}.Release|Any CPU.Build.0 = Release|Any CPU
		{05A1BB8D-64D4-4718-88BD-11E591BBD71B}.Release|x64.ActiveCfg = Release|Any CPU
		{05A1BB8D-64D4-4718-88BD-11E591BBD71B}.Release|x64.Build.0 = Release|Any CPU
		{05A1BB8D-64D4-4718-88BD-11E591BBD71B}.Release|x86.ActiveCfg = Release|Any CPU
		{05A1BB8D-64D4-4718-88BD-11E591BBD71B}.Release|x86.Build.0 = Release|Any CPU
		{477EF92C-1340-4AFC-A19F-FD05E4186AC2}.Debug|Any CPU.ActiveCfg = Debug|Any CPU
		{477EF92C-1340-4AFC-A19F-FD05E4186AC2}.Debug|Any CPU.Build.0 = Debug|Any CPU
		{477EF92C-1340-4AFC-A19F-FD05E4186AC2}.Debug|x64.ActiveCfg = Debug|Any CPU
		{477EF92C-1340-4AFC-A19F-FD05E4186AC2}.Debug|x64.Build.0 = Debug|Any CPU
		{477EF92C-1340-4AFC-A19F-FD05E4186AC2}.Debug|x86.ActiveCfg = Debug|Any CPU
		{477EF92C-1340-4AFC-A19F-FD05E4186AC2}.Debug|x86.Build.0 = Debug|Any CPU
		{477EF92C-1340-4AFC-A19F-FD05E4186AC2}.Release|Any CPU.ActiveCfg = Release|Any CPU
		{477EF92C-1340-4AFC-A19F-FD05E4186AC2}.Release|Any CPU.Build.0 = Release|Any CPU
		{477EF92C-1340-4AFC-A19F-FD05E4186AC2}.Release|x64.ActiveCfg = Release|Any CPU
		{477EF92C-1340-4AFC-A19F-FD05E4186AC2}.Release|x64.Build.0 = Release|Any CPU
		{477EF92C-1340-4AFC-A19F-FD05E4186AC2}.Release|x86.ActiveCfg = Release|Any CPU
		{477EF92C-1340-4AFC-A19F-FD05E4186AC2}.Release|x86.Build.0 = Release|Any CPU
	EndGlobalSection
	GlobalSection(SolutionProperties) = preSolution
		HideSolutionNode = FALSE
	EndGlobalSection
	GlobalSection(NestedProjects) = preSolution
		{E7B78589-3C38-43FC-8427-EC4F54F1EE97} = {827E0CD3-B72D-47B6-A68D-7590B98EB39B}
		{05A1BB8D-64D4-4718-88BD-11E591BBD71B} = {827E0CD3-B72D-47B6-A68D-7590B98EB39B}
		{477EF92C-1340-4AFC-A19F-FD05E4186AC2} = {827E0CD3-B72D-47B6-A68D-7590B98EB39B}
	EndGlobalSection
EndGlobal
